
Microsoft Visual Studio Solution File, Format Version 12.00
# Visual Studio 14
VisualStudioVersion = 14.0.25420.1
MinimumVisualStudioVersion = 10.0.40219.1
Project("{FAE04EC0-301F-11D3-BF4B-00C04F79EFBC}") = "XmpMatcherLib", "XmpMatcherLib\XmpMatcherLib.csproj", "{1BB5E0D7-2AB6-4035-85FA-68B267F4F9CF}"
EndProject
Project("{FAE04EC0-301F-11D3-BF4B-00C04F79EFBC}") = "XmpMatcherApp", "XmpMatcherApp\XmpMatcherApp.csproj", "{F6E8FCB6-6C30-4027-9E45-6181A21E2A29}"
EndProject
Project("{FAE04EC0-301F-11D3-BF4B-00C04F79EFBC}") = "ExifLibrary", "ExifLibrary\ExifLibrary.csproj", "{C29BA585-E27B-4AD0-9AD1-490B5E0E2A5E}"
EndProject
Project("{FAE04EC0-301F-11D3-BF4B-00C04F79EFBC}") = "ExifTest", "ExifTest\ExifTest.csproj", "{9F04C806-6BB9-449D-AF51-63E004162C1C}"
EndProject
Project("{FAE04EC0-301F-11D3-BF4B-00C04F79EFBC}") = "Tools", "ClassLibrary1\Tools.csproj", "{6BA9332A-9606-4EA7-8A21-74B1F5535A3E}"
EndProject
Global
	GlobalSection(SolutionConfigurationPlatforms) = preSolution
		Debug|Any CPU = Debug|Any CPU
		Release|Any CPU = Release|Any CPU
	EndGlobalSection
	GlobalSection(ProjectConfigurationPlatforms) = postSolution
		{1BB5E0D7-2AB6-4035-85FA-68B267F4F9CF}.Debug|Any CPU.ActiveCfg = Debug|Any CPU
		{1BB5E0D7-2AB6-4035-85FA-68B267F4F9CF}.Debug|Any CPU.Build.0 = Debug|Any CPU
		{1BB5E0D7-2AB6-4035-85FA-68B267F4F9CF}.Release|Any CPU.ActiveCfg = Release|Any CPU
		{1BB5E0D7-2AB6-4035-85FA-68B267F4F9CF}.Release|Any CPU.Build.0 = Release|Any CPU
		{F6E8FCB6-6C30-4027-9E45-6181A21E2A29}.Debug|Any CPU.ActiveCfg = Debug|Any CPU
		{F6E8FCB6-6C30-4027-9E45-6181A21E2A29}.Debug|Any CPU.Build.0 = Debug|Any CPU
		{F6E8FCB6-6C30-4027-9E45-6181A21E2A29}.Release|Any CPU.ActiveCfg = Release|Any CPU
		{F6E8FCB6-6C30-4027-9E45-6181A21E2A29}.Release|Any CPU.Build.0 = Release|Any CPU
		{C29BA585-E27B-4AD0-9AD1-490B5E0E2A5E}.Debug|Any CPU.ActiveCfg = Debug|Any CPU
		{C29BA585-E27B-4AD0-9AD1-490B5E0E2A5E}.Debug|Any CPU.Build.0 = Debug|Any CPU
		{C29BA585-E27B-4AD0-9AD1-490B5E0E2A5E}.Release|Any CPU.ActiveCfg = Release|Any CPU
		{C29BA585-E27B-4AD0-9AD1-490B5E0E2A5E}.Release|Any CPU.Build.0 = Release|Any CPU
		{9F04C806-6BB9-449D-AF51-63E004162C1C}.Debug|Any CPU.ActiveCfg = Debug|Any CPU
		{9F04C806-6BB9-449D-AF51-63E004162C1C}.Debug|Any CPU.Build.0 = Debug|Any CPU
		{9F04C806-6BB9-449D-AF51-63E004162C1C}.Release|Any CPU.ActiveCfg = Release|Any CPU
		{9F04C806-6BB9-449D-AF51-63E004162C1C}.Release|Any CPU.Build.0 = Release|Any CPU
		{6BA9332A-9606-4EA7-8A21-74B1F5535A3E}.Debug|Any CPU.ActiveCfg = Debug|Any CPU
		{6BA9332A-9606-4EA7-8A21-74B1F5535A3E}.Debug|Any CPU.Build.0 = Debug|Any CPU
		{6BA9332A-9606-4EA7-8A21-74B1F5535A3E}.Release|Any CPU.ActiveCfg = Release|Any CPU
		{6BA9332A-9606-4EA7-8A21-74B1F5535A3E}.Release|Any CPU.Build.0 = Release|Any CPU
	EndGlobalSection
	GlobalSection(SolutionProperties) = preSolution
		HideSolutionNode = FALSE
	EndGlobalSection
EndGlobal
